
Microsoft Visual Studio Solution File, Format Version 12.00
# Visual Studio 2013
VisualStudioVersion = 12.0.30723.0
MinimumVisualStudioVersion = 10.0.40219.1
Project("{FAE04EC0-301F-11D3-BF4B-00C04F79EFBC}") = "1.WorldCup", "6.CSS-Overview\1.WorldCup.csproj", "{0BCB7E79-150E-4E3D-95EF-180C579E5AD0}"
EndProject
Project("{FAE04EC0-301F-11D3-BF4B-00C04F79EFBC}") = "3.SoftUniBeforeExame", "3.SoftUniBeforeExame\3.SoftUniBeforeExame.csproj", "{B06D7130-9868-4D31-A8EC-FEAA30830A71}"
EndProject
Global
	GlobalSection(SolutionConfigurationPlatforms) = preSolution
		Debug|Any CPU = Debug|Any CPU
		Release|Any CPU = Release|Any CPU
	EndGlobalSection
	GlobalSection(ProjectConfigurationPlatforms) = postSolution
		{0BCB7E79-150E-4E3D-95EF-180C579E5AD0}.Debug|Any CPU.ActiveCfg = Debug|Any CPU
		{0BCB7E79-150E-4E3D-95EF-180C579E5AD0}.Debug|Any CPU.Build.0 = Debug|Any CPU
		{0BCB7E79-150E-4E3D-95EF-180C579E5AD0}.Release|Any CPU.ActiveCfg = Release|Any CPU
		{0BCB7E79-150E-4E3D-95EF-180C579E5AD0}.Release|Any CPU.Build.0 = Release|Any CPU
		{B06D7130-9868-4D31-A8EC-FEAA30830A71}.Debug|Any CPU.ActiveCfg = Debug|Any CPU
		{B06D7130-9868-4D31-A8EC-FEAA30830A71}.Debug|Any CPU.Build.0 = Debug|Any CPU
		{B06D7130-9868-4D31-A8EC-FEAA30830A71}.Release|Any CPU.ActiveCfg = Release|Any CPU
		{B06D7130-9868-4D31-A8EC-FEAA30830A71}.Release|Any CPU.Build.0 = Release|Any CPU
	EndGlobalSection
	GlobalSection(SolutionProperties) = preSolution
		HideSolutionNode = FALSE
	EndGlobalSection
EndGlobal
